<Solution>
  <Folder Name="/Heroes/">
    <Project Path="src/FellowshipAnalyzer.Core/FellowshipAnalyzer.Core.csproj" />
  </Folder>
  <Folder Name="/Heroes/Rime/">
    <Project Path="src/FellowshipAnalyzer.Heroes.Rime/FellowshipAnalyzer.Heroes.Rime.csproj" />
    <Project Path="tests/FellowshipAnalyzer.Heroes.Rime.Tests/FellowshipAnalyzer.Heroes.Rime.Tests.csproj" />
  </Folder>
  <Project Path="src/FellowshipAnalyzer.Analyzers/FellowshipAnalyzer.Analyzers.csproj" />
  <Project Path="src/FellowshipAnalyzer.AppHost/FellowshipAnalyzer.AppHost.csproj" />
  <Project Path="src/FellowshipAnalyzer.Components/FellowshipAnalyzer.Components.csproj" />
  <Project Path="src/FellowshipAnalyzer.FellowshipLogs/FellowshipAnalyzer.FellowshipLogs.csproj" />
  <Project Path="src/FellowshipAnalyzer.Generators/FellowshipAnalyzer.Generators.csproj" />
  <Project Path="src/FellowshipAnalyzer.ServiceDefaults/FellowshipAnalyzer.ServiceDefaults.csproj" />
  <Project Path="src/FellowshipAnalyzer/FellowshipAnalyzer.Api/FellowshipAnalyzer.Api.csproj" />
  <Project Path="src/FellowshipAnalyzer/FellowshipAnalyzer.Client/FellowshipAnalyzer.Client.csproj" />
  <Project Path="src/FellowshipAnalyzer/FellowshipAnalyzer/FellowshipAnalyzer.csproj" />
  <Project Path="tests/FellowshipAnalyzer.Core.Tests/FellowshipAnalyzer.Core.Tests.csproj" />
  <Project Path="tests/FellowshipAnalyzer.FellowshipLogs.Tests/FellowshipAnalyzer.FellowshipLogs.Tests.csproj" />
  <Project Path="tests/FellowshipAnalyzer.Generators.Tests/FellowshipAnalyzer.Generators.Tests.csproj" />
</Solution>
